version: 1
generated_at: 2026-06-01T09:21:37Z
internal: []
trusted:
  - action: actions/cache
    refs:
      - v4
    occurrences:
      v4:
        .github/workflows/ci.yaml:
          - jobs.test.steps.[2].uses
  - action: actions/checkout
    refs:
      - v4
    occurrences:
      v4:
        .github/workflows/ci.yaml:
          - jobs.test.steps.[0].uses
          - jobs.permit.steps.[0].uses
          - jobs.publish.steps.[0].uses
external:
  - action: erlef/setup-beam
    refs:
      - fc68ffb90438ef2936bbb3251622353b3dcb2f93
    occurrences:
      fc68ffb90438ef2936bbb3251622353b3dcb2f93:
        .github/workflows/ci.yaml:
          - jobs.test.steps.[1].uses
          - jobs.publish.steps.[1].uses
local: []
docker: []
dynamic: []
